
Microsoft Visual Studio Solution File, Format Version 12.00
# Visual Studio Version 16
VisualStudioVersion = 16.0.29905.134
MinimumVisualStudioVersion = 10.0.40219.1
Project("{FAE04EC0-301F-11D3-BF4B-00C04F79EFBC}") = "Prework-CodeChallenges", "Prework-CodeChallenges.csproj", "{A956E0D0-2BC6-48FD-8F65-ABA68E8A9778}"
EndProject
Global
	GlobalSection(SolutionConfigurationPlatforms) = preSolution
		Debug|Any CPU = Debug|Any CPU
		Release|Any CPU = Release|Any CPU
	EndGlobalSection
	GlobalSection(ProjectConfigurationPlatforms) = postSolution
		{A956E0D0-2BC6-48FD-8F65-ABA68E8A9778}.Debug|Any CPU.ActiveCfg = Debug|Any CPU
		{A956E0D0-2BC6-48FD-8F65-ABA68E8A9778}.Debug|Any CPU.Build.0 = Debug|Any CPU
		{A956E0D0-2BC6-48FD-8F65-ABA68E8A9778}.Release|Any CPU.ActiveCfg = Release|Any CPU
		{A956E0D0-2BC6-48FD-8F65-ABA68E8A9778}.Release|Any CPU.Build.0 = Release|Any CPU
	EndGlobalSection
	GlobalSection(SolutionProperties) = preSolution
		HideSolutionNode = FALSE
	EndGlobalSection
	GlobalSection(ExtensibilityGlobals) = postSolution
		SolutionGuid = {AD44493D-CAD1-453D-9FC0-C29987408286}
	EndGlobalSection
EndGlobal
